
Microsoft Visual Studio Solution File, Format Version 12.00
# Visual Studio Version 17
VisualStudioVersion = 17.0.32112.339
MinimumVisualStudioVersion = 10.0.40219.1
Project("{FAE04EC0-301F-11D3-BF4B-00C04F79EFBC}") = "GameStore.API", "GameStore.API\GameStore.API.csproj", "{257DFFDF-230B-4C4E-ABBD-97CF8319EA3B}"
EndProject
Project("{FAE04EC0-301F-11D3-BF4B-00C04F79EFBC}") = "GameStore.DAL", "GameStore.DAL\GameStore.DAL.csproj", "{EC2DEF2E-643A-420D-B2C8-902E7977E873}"
EndProject
Global
	GlobalSection(SolutionConfigurationPlatforms) = preSolution
		Debug|Any CPU = Debug|Any CPU
		Release|Any CPU = Release|Any CPU
	EndGlobalSection
	GlobalSection(ProjectConfigurationPlatforms) = postSolution
		{257DFFDF-230B-4C4E-ABBD-97CF8319EA3B}.Debug|Any CPU.ActiveCfg = Debug|Any CPU
		{257DFFDF-230B-4C4E-ABBD-97CF8319EA3B}.Debug|Any CPU.Build.0 = Debug|Any CPU
		{257DFFDF-230B-4C4E-ABBD-97CF8319EA3B}.Release|Any CPU.ActiveCfg = Release|Any CPU
		{257DFFDF-230B-4C4E-ABBD-97CF8319EA3B}.Release|Any CPU.Build.0 = Release|Any CPU
		{EC2DEF2E-643A-420D-B2C8-902E7977E873}.Debug|Any CPU.ActiveCfg = Debug|Any CPU
		{EC2DEF2E-643A-420D-B2C8-902E7977E873}.Debug|Any CPU.Build.0 = Debug|Any CPU
		{EC2DEF2E-643A-420D-B2C8-902E7977E873}.Release|Any CPU.ActiveCfg = Release|Any CPU
		{EC2DEF2E-643A-420D-B2C8-902E7977E873}.Release|Any CPU.Build.0 = Release|Any CPU
	EndGlobalSection
	GlobalSection(SolutionProperties) = preSolution
		HideSolutionNode = FALSE
	EndGlobalSection
	GlobalSection(ExtensibilityGlobals) = postSolution
		SolutionGuid = {21E2CDE7-A46F-462D-B481-DFC22DDDE801}
	EndGlobalSection
EndGlobal
